
Microsoft Visual Studio Solution File, Format Version 12.00
# Visual Studio Version 16
VisualStudioVersion = 16.0.30320.27
MinimumVisualStudioVersion = 10.0.40219.1
Project("{FAE04EC0-301F-11D3-BF4B-00C04F79EFBC}") = "SICOVI", "SICOVI\SICOVI.csproj", "{0F19CF68-6A07-4421-B70F-C9A0D91F7CAA}"
EndProject
Global
	GlobalSection(SolutionConfigurationPlatforms) = preSolution
		Debug|Any CPU = Debug|Any CPU
		Release|Any CPU = Release|Any CPU
	EndGlobalSection
	GlobalSection(ProjectConfigurationPlatforms) = postSolution
		{0F19CF68-6A07-4421-B70F-C9A0D91F7CAA}.Debug|Any CPU.ActiveCfg = Debug|Any CPU
		{0F19CF68-6A07-4421-B70F-C9A0D91F7CAA}.Debug|Any CPU.Build.0 = Debug|Any CPU
		{0F19CF68-6A07-4421-B70F-C9A0D91F7CAA}.Release|Any CPU.ActiveCfg = Release|Any CPU
		{0F19CF68-6A07-4421-B70F-C9A0D91F7CAA}.Release|Any CPU.Build.0 = Release|Any CPU
	EndGlobalSection
	GlobalSection(SolutionProperties) = preSolution
		HideSolutionNode = FALSE
	EndGlobalSection
	GlobalSection(ExtensibilityGlobals) = postSolution
		SolutionGuid = {34BEBA9C-406C-4E04-BAA9-38EBC6AECE9A}
	EndGlobalSection
EndGlobal
